// !$*UTF8*$!
{
	archiveVersion = 1;
	classes = {
	};
	objectVersion = 50;
	objects = {

/* Begin PBXBuildFile section */
		2E2155AB211F6C2A00F35ACD /* ForgivePasswordView.swift in Sources */ = {isa = PBXBuildFile; fileRef = 2E2155AA211F6C2A00F35ACD /* ForgivePasswordView.swift */; };
		2E37BC47210928DF0039140A /* TabbarView.swift in Sources */ = {isa = PBXBuildFile; fileRef = 2E37BC46210928DF0039140A /* TabbarView.swift */; };
		2E3CE95920F8250400C38BC7 /* UnsettingView.swift in Sources */ = {isa = PBXBuildFile; fileRef = 2E3CE95820F8250400C38BC7 /* UnsettingView.swift */; };
		2E90A0D720EEDFD700E12B28 /* Style.swift in Sources */ = {isa = PBXBuildFile; fileRef = 2E90A0D620EEDFD700E12B28 /* Style.swift */; };
		2E90A0DA20EEE6D300E12B28 /* LoginViewController.swift in Sources */ = {isa = PBXBuildFile; fileRef = 2E90A0D920EEE6D300E12B28 /* LoginViewController.swift */; };
		2E90A0DD20EEE97100E12B28 /* HomeViewController.swift in Sources */ = {isa = PBXBuildFile; fileRef = 2E90A0DC20EEE97100E12B28 /* HomeViewController.swift */; };
		2E90A0E020EEEB2D00E12B28 /* NavigationView.swift in Sources */ = {isa = PBXBuildFile; fileRef = 2E90A0DF20EEEB2D00E12B28 /* NavigationView.swift */; };
		2E90A0E220EEEB7800E12B28 /* BasicView.swift in Sources */ = {isa = PBXBuildFile; fileRef = 2E90A0E120EEEB7800E12B28 /* BasicView.swift */; };
		2E90A0E420F1676700E12B28 /* PincodeViewController.swift in Sources */ = {isa = PBXBuildFile; fileRef = 2E90A0E320F1676700E12B28 /* PincodeViewController.swift */; };
		2E9E1E1B2113D86C008A0206 /* AddNewAppView.swift in Sources */ = {isa = PBXBuildFile; fileRef = 2E9E1E1A2113D86C008A0206 /* AddNewAppView.swift */; };
		2ED6F00920C7724A000F7FA6 /* AppDelegate.swift in Sources */ = {isa = PBXBuildFile; fileRef = 2ED6F00820C7724A000F7FA6 /* AppDelegate.swift */; };
		2ED6F00B20C7724A000F7FA6 /* ViewController.swift in Sources */ = {isa = PBXBuildFile; fileRef = 2ED6F00A20C7724A000F7FA6 /* ViewController.swift */; };
		2ED6F00E20C7724A000F7FA6 /* Main.storyboard in Resources */ = {isa = PBXBuildFile; fileRef = 2ED6F00C20C7724A000F7FA6 /* Main.storyboard */; };
		2ED6F01120C7724A000F7FA6 /* WiFi_Locker.xcdatamodeld in Sources */ = {isa = PBXBuildFile; fileRef = 2ED6F00F20C7724A000F7FA6 /* WiFi_Locker.xcdatamodeld */; };
		2ED6F01320C7724E000F7FA6 /* Assets.xcassets in Resources */ = {isa = PBXBuildFile; fileRef = 2ED6F01220C7724E000F7FA6 /* Assets.xcassets */; };
		2ED6F01620C7724E000F7FA6 /* LaunchScreen.storyboard in Resources */ = {isa = PBXBuildFile; fileRef = 2ED6F01420C7724E000F7FA6 /* LaunchScreen.storyboard */; };
		2ED76C16210155A700004DD6 /* LoginView.swift in Sources */ = {isa = PBXBuildFile; fileRef = 2ED76C15210155A600004DD6 /* LoginView.swift */; };
		2ED76C1821015D5E00004DD6 /* SignupView.swift in Sources */ = {isa = PBXBuildFile; fileRef = 2ED76C1721015D5E00004DD6 /* SignupView.swift */; };
		2ED81B4F20F41A6800FBB9BD /* TermViewController.swift in Sources */ = {isa = PBXBuildFile; fileRef = 2ED81B4E20F41A6800FBB9BD /* TermViewController.swift */; };
		2ED81B5220F42BD300FBB9BD /* CalendarViewController.swift in Sources */ = {isa = PBXBuildFile; fileRef = 2ED81B5120F42BD300FBB9BD /* CalendarViewController.swift */; };
		2ED8B2C22111172C005B4F0B /* MainTabbarViewController.swift in Sources */ = {isa = PBXBuildFile; fileRef = 2ED8B2C12111172C005B4F0B /* MainTabbarViewController.swift */; };
		2ED8B2C521126186005B4F0B /* SelectTimeView.swift in Sources */ = {isa = PBXBuildFile; fileRef = 2ED8B2C421126186005B4F0B /* SelectTimeView.swift */; };
		2ED8B2C721128104005B4F0B /* CalendarView.swift in Sources */ = {isa = PBXBuildFile; fileRef = 2ED8B2C621128103005B4F0B /* CalendarView.swift */; };
		2ED8B2CB21128412005B4F0B /* CalendarTableViewCell.swift in Sources */ = {isa = PBXBuildFile; fileRef = 2ED8B2CA21128412005B4F0B /* CalendarTableViewCell.swift */; };
		2ED8B2CD2112A8F6005B4F0B /* SelectTimeByCalendarView.swift in Sources */ = {isa = PBXBuildFile; fileRef = 2ED8B2CC2112A8F6005B4F0B /* SelectTimeByCalendarView.swift */; };
		2ED8B2CF2113D00E005B4F0B /* OrderOptionView.swift in Sources */ = {isa = PBXBuildFile; fileRef = 2ED8B2CE2113D00E005B4F0B /* OrderOptionView.swift */; };
		2EE7104020F17DFE00FE1946 /* SettingViewController.swift in Sources */ = {isa = PBXBuildFile; fileRef = 2EE7103F20F17DFE00FE1946 /* SettingViewController.swift */; };
		2EE7104220F1831800FE1946 /* extension.swift in Sources */ = {isa = PBXBuildFile; fileRef = 2EE7104120F1831800FE1946 /* extension.swift */; };
		CC22D5B51C2C913320F6FF5F /* Pods_WiFi_Locker.framework in Frameworks */ = {isa = PBXBuildFile; fileRef = 7BAF3BBE0BDFF301DA863222 /* Pods_WiFi_Locker.framework */; };
/* End PBXBuildFile section */

/* Begin PBXFileReference section */
		2E2155AA211F6C2A00F35ACD /* ForgivePasswordView.swift */ = {isa = PBXFileReference; lastKnownFileType = sourcecode.swift; path = ForgivePasswordView.swift; sourceTree = "<group>"; };
		2E37BC46210928DF0039140A /* TabbarView.swift */ = {isa = PBXFileReference; lastKnownFileType = sourcecode.swift; path = TabbarView.swift; sourceTree = "<group>"; };
		2E3CE95820F8250400C38BC7 /* UnsettingView.swift */ = {isa = PBXFileReference; lastKnownFileType = sourcecode.swift; path = UnsettingView.swift; sourceTree = "<group>"; };
		2E90A0D620EEDFD700E12B28 /* Style.swift */ = {isa = PBXFileReference; lastKnownFileType = sourcecode.swift; path = Style.swift; sourceTree = "<group>"; };
		2E90A0D920EEE6D300E12B28 /* LoginViewController.swift */ = {isa = PBXFileReference; lastKnownFileType = sourcecode.swift; path = LoginViewController.swift; sourceTree = "<group>"; };
		2E90A0DC20EEE97100E12B28 /* HomeViewController.swift */ = {isa = PBXFileReference; lastKnownFileType = sourcecode.swift; path = HomeViewController.swift; sourceTree = "<group>"; };
		2E90A0DF20EEEB2D00E12B28 /* NavigationView.swift */ = {isa = PBXFileReference; lastKnownFileType = sourcecode.swift; path = NavigationView.swift; sourceTree = "<group>"; };
		2E90A0E120EEEB7800E12B28 /* BasicView.swift */ = {isa = PBXFileReference; lastKnownFileType = sourcecode.swift; path = BasicView.swift; sourceTree = "<group>"; };
		2E90A0E320F1676700E12B28 /* PincodeViewController.swift */ = {isa = PBXFileReference; lastKnownFileType = sourcecode.swift; path = PincodeViewController.swift; sourceTree = "<group>"; };
		2E9E1E1A2113D86C008A0206 /* AddNewAppView.swift */ = {isa = PBXFileReference; lastKnownFileType = sourcecode.swift; path = AddNewAppView.swift; sourceTree = "<group>"; };
		2ED6F00520C7724A000F7FA6 /* WiFi_Locker.app */ = {isa = PBXFileReference; explicitFileType = wrapper.application; includeInIndex = 0; path = WiFi_Locker.app; sourceTree = BUILT_PRODUCTS_DIR; };
		2ED6F00820C7724A000F7FA6 /* AppDelegate.swift */ = {isa = PBXFileReference; lastKnownFileType = sourcecode.swift; path = AppDelegate.swift; sourceTree = "<group>"; };
		2ED6F00A20C7724A000F7FA6 /* ViewController.swift */ = {isa = PBXFileReference; lastKnownFileType = sourcecode.swift; path = ViewController.swift; sourceTree = "<group>"; };
		2ED6F00D20C7724A000F7FA6 /* Base */ = {isa = PBXFileReference; lastKnownFileType = file.storyboard; name = Base; path = Base.lproj/Main.storyboard; sourceTree = "<group>"; };
		2ED6F01020C7724A000F7FA6 /* WiFi_Locker.xcdatamodel */ = {isa = PBXFileReference; lastKnownFileType = wrapper.xcdatamodel; path = WiFi_Locker.xcdatamodel; sourceTree = "<group>"; };
		2ED6F01220C7724E000F7FA6 /* Assets.xcassets */ = {isa = PBXFileReference; lastKnownFileType = folder.assetcatalog; path = Assets.xcassets; sourceTree = "<group>"; };
		2ED6F01520C7724E000F7FA6 /* Base */ = {isa = PBXFileReference; lastKnownFileType = file.storyboard; name = Base; path = Base.lproj/LaunchScreen.storyboard; sourceTree = "<group>"; };
		2ED6F01720C7724E000F7FA6 /* Info.plist */ = {isa = PBXFileReference; lastKnownFileType = text.plist.xml; path = Info.plist; sourceTree = "<group>"; };
		2ED76C15210155A600004DD6 /* LoginView.swift */ = {isa = PBXFileReference; lastKnownFileType = sourcecode.swift; path = LoginView.swift; sourceTree = "<group>"; };
		2ED76C1721015D5E00004DD6 /* SignupView.swift */ = {isa = PBXFileReference; lastKnownFileType = sourcecode.swift; path = SignupView.swift; sourceTree = "<group>"; };
		2ED81B4E20F41A6800FBB9BD /* TermViewController.swift */ = {isa = PBXFileReference; lastKnownFileType = sourcecode.swift; path = TermViewController.swift; sourceTree = "<group>"; };
		2ED81B5120F42BD300FBB9BD /* CalendarViewController.swift */ = {isa = PBXFileReference; lastKnownFileType = sourcecode.swift; path = CalendarViewController.swift; sourceTree = "<group>"; };
		2ED8B2C12111172C005B4F0B /* MainTabbarViewController.swift */ = {isa = PBXFileReference; lastKnownFileType = sourcecode.swift; path = MainTabbarViewController.swift; sourceTree = "<group>"; };
		2ED8B2C421126186005B4F0B /* SelectTimeView.swift */ = {isa = PBXFileReference; lastKnownFileType = sourcecode.swift; path = SelectTimeView.swift; sourceTree = "<group>"; };
		2ED8B2C621128103005B4F0B /* CalendarView.swift */ = {isa = PBXFileReference; lastKnownFileType = sourcecode.swift; path = CalendarView.swift; sourceTree = "<group>"; };
		2ED8B2CA21128412005B4F0B /* CalendarTableViewCell.swift */ = {isa = PBXFileReference; lastKnownFileType = sourcecode.swift; path = CalendarTableViewCell.swift; sourceTree = "<group>"; };
		2ED8B2CC2112A8F6005B4F0B /* SelectTimeByCalendarView.swift */ = {isa = PBXFileReference; lastKnownFileType = sourcecode.swift; path = SelectTimeByCalendarView.swift; sourceTree = "<group>"; };
		2ED8B2CE2113D00E005B4F0B /* OrderOptionView.swift */ = {isa = PBXFileReference; lastKnownFileType = sourcecode.swift; path = OrderOptionView.swift; sourceTree = "<group>"; };
		2EE7103F20F17DFE00FE1946 /* SettingViewController.swift */ = {isa = PBXFileReference; lastKnownFileType = sourcecode.swift; path = SettingViewController.swift; sourceTree = "<group>"; };
		2EE7104120F1831800FE1946 /* extension.swift */ = {isa = PBXFileReference; lastKnownFileType = sourcecode.swift; path = extension.swift; sourceTree = "<group>"; };
		7BAF3BBE0BDFF301DA863222 /* Pods_WiFi_Locker.framework */ = {isa = PBXFileReference; explicitFileType = wrapper.framework; includeInIndex = 0; path = Pods_WiFi_Locker.framework; sourceTree = BUILT_PRODUCTS_DIR; };
		C39D493D458F02EE52667359 /* Pods-WiFi_Locker.debug.xcconfig */ = {isa = PBXFileReference; includeInIndex = 1; lastKnownFileType = text.xcconfig; name = "Pods-WiFi_Locker.debug.xcconfig"; path = "Pods/Target Support Files/Pods-WiFi_Locker/Pods-WiFi_Locker.debug.xcconfig"; sourceTree = "<group>"; };
		F9A6A11DA704FCD981D586BE /* Pods-WiFi_Locker.release.xcconfig */ = {isa = PBXFileReference; includeInIndex = 1; lastKnownFileType = text.xcconfig; name = "Pods-WiFi_Locker.release.xcconfig"; path = "Pods/Target Support Files/Pods-WiFi_Locker/Pods-WiFi_Locker.release.xcconfig"; sourceTree = "<group>"; };
/* End PBXFileReference section */

/* Begin PBXFrameworksBuildPhase section */
		2ED6F00220C7724A000F7FA6 /* Frameworks */ = {
			isa = PBXFrameworksBuildPhase;
			buildActionMask = 2147483647;
			files = (
				CC22D5B51C2C913320F6FF5F /* Pods_WiFi_Locker.framework in Frameworks */,
			);
			runOnlyForDeploymentPostprocessing = 0;
		};
/* End PBXFrameworksBuildPhase section */

/* Begin PBXGroup section */
		2E90A0D820EEE6AD00E12B28 /* LoginandRegister */ = {
			isa = PBXGroup;
			children = (
				2E90A0D920EEE6D300E12B28 /* LoginViewController.swift */,
				2E90A0E320F1676700E12B28 /* PincodeViewController.swift */,
				2ED81B4E20F41A6800FBB9BD /* TermViewController.swift */,
				2ED76C142101557500004DD6 /* View */,
			);
			path = LoginandRegister;
			sourceTree = "<group>";
		};
		2E90A0DB20EEE91500E12B28 /* Homepage */ = {
			isa = PBXGroup;
			children = (
				2ED8B2C321126147005B4F0B /* Views */,
				2ED8B2C12111172C005B4F0B /* MainTabbarViewController.swift */,
				2E90A0DC20EEE97100E12B28 /* HomeViewController.swift */,
				2E3CE95820F8250400C38BC7 /* UnsettingView.swift */,
			);
			path = Homepage;
			sourceTree = "<group>";
		};
		2E90A0DE20EEEA9C00E12B28 /* CustomizedConponent */ = {
			isa = PBXGroup;
			children = (
				2E90A0DF20EEEB2D00E12B28 /* NavigationView.swift */,
				2E90A0E120EEEB7800E12B28 /* BasicView.swift */,
				2E37BC46210928DF0039140A /* TabbarView.swift */,
			);
			path = CustomizedConponent;
			sourceTree = "<group>";
		};
		2ED6EFFC20C7724A000F7FA6 = {
			isa = PBXGroup;
			children = (
				2EE7104120F1831800FE1946 /* extension.swift */,
				2E90A0D620EEDFD700E12B28 /* Style.swift */,
				2E90A0DE20EEEA9C00E12B28 /* CustomizedConponent */,
				2E90A0D820EEE6AD00E12B28 /* LoginandRegister */,
				2E90A0DB20EEE91500E12B28 /* Homepage */,
				2ED81B5020F42BAF00FBB9BD /* Calendar */,
				2EE7103E20F17DE700FE1946 /* Setting */,
				2ED6F00720C7724A000F7FA6 /* WiFi_Locker */,
				2ED6F00620C7724A000F7FA6 /* Products */,
				FF1B14E07049E288BC3B24FC /* Pods */,
				F2F46A43309A291B371D4741 /* Frameworks */,
			);
			sourceTree = "<group>";
		};
		2ED6F00620C7724A000F7FA6 /* Products */ = {
			isa = PBXGroup;
			children = (
				2ED6F00520C7724A000F7FA6 /* WiFi_Locker.app */,
			);
			name = Products;
			sourceTree = "<group>";
		};
		2ED6F00720C7724A000F7FA6 /* WiFi_Locker */ = {
			isa = PBXGroup;
			children = (
				2ED6F00820C7724A000F7FA6 /* AppDelegate.swift */,
				2ED6F00A20C7724A000F7FA6 /* ViewController.swift */,
				2ED6F00C20C7724A000F7FA6 /* Main.storyboard */,
				2ED6F01220C7724E000F7FA6 /* Assets.xcassets */,
				2ED6F01420C7724E000F7FA6 /* LaunchScreen.storyboard */,
				2ED6F01720C7724E000F7FA6 /* Info.plist */,
				2ED6F00F20C7724A000F7FA6 /* WiFi_Locker.xcdatamodeld */,
			);
			path = WiFi_Locker;
			sourceTree = "<group>";
		};
		2ED76C142101557500004DD6 /* View */ = {
			isa = PBXGroup;
			children = (
				2ED76C15210155A600004DD6 /* LoginView.swift */,
				2E2155AA211F6C2A00F35ACD /* ForgivePasswordView.swift */,
				2ED76C1721015D5E00004DD6 /* SignupView.swift */,
			);
			path = View;
			sourceTree = "<group>";
		};
		2ED81B5020F42BAF00FBB9BD /* Calendar */ = {
			isa = PBXGroup;
			children = (
				2ED81B5120F42BD300FBB9BD /* CalendarViewController.swift */,
				2ED8B2C621128103005B4F0B /* CalendarView.swift */,
				2ED8B2CA21128412005B4F0B /* CalendarTableViewCell.swift */,
				2ED8B2CC2112A8F6005B4F0B /* SelectTimeByCalendarView.swift */,
			);
			path = Calendar;
			sourceTree = "<group>";
		};
		2ED8B2C321126147005B4F0B /* Views */ = {
			isa = PBXGroup;
			children = (
				2ED8B2C421126186005B4F0B /* SelectTimeView.swift */,
				2ED8B2CE2113D00E005B4F0B /* OrderOptionView.swift */,
				2E9E1E1A2113D86C008A0206 /* AddNewAppView.swift */,
			);
			path = Views;
			sourceTree = "<group>";
		};
		2EE7103E20F17DE700FE1946 /* Setting */ = {
			isa = PBXGroup;
			children = (
				2EE7103F20F17DFE00FE1946 /* SettingViewController.swift */,
			);
			path = Setting;
			sourceTree = "<group>";
		};
		F2F46A43309A291B371D4741 /* Frameworks */ = {
			isa = PBXGroup;
			children = (
				7BAF3BBE0BDFF301DA863222 /* Pods_WiFi_Locker.framework */,
			);
			name = Frameworks;
			sourceTree = "<group>";
		};
		FF1B14E07049E288BC3B24FC /* Pods */ = {
			isa = PBXGroup;
			children = (
				C39D493D458F02EE52667359 /* Pods-WiFi_Locker.debug.xcconfig */,
				F9A6A11DA704FCD981D586BE /* Pods-WiFi_Locker.release.xcconfig */,
			);
			name = Pods;
			sourceTree = "<group>";
		};
/* End PBXGroup section */

/* Begin PBXNativeTarget section */
		2ED6F00420C7724A000F7FA6 /* WiFi_Locker */ = {
			isa = PBXNativeTarget;
			buildConfigurationList = 2ED6F01A20C7724E000F7FA6 /* Build configuration list for PBXNativeTarget "WiFi_Locker" */;
			buildPhases = (
				85CF3F43DF5B49E3BBA860BC /* [CP] Check Pods Manifest.lock */,
				2ED6F00120C7724A000F7FA6 /* Sources */,
				2ED6F00220C7724A000F7FA6 /* Frameworks */,
				2ED6F00320C7724A000F7FA6 /* Resources */,
				DCBD5538898F5B9CEE454295 /* [CP] Embed Pods Frameworks */,
			);
			buildRules = (
			);
			dependencies = (
			);
			name = WiFi_Locker;
			productName = WiFi_Locker;
			productReference = 2ED6F00520C7724A000F7FA6 /* WiFi_Locker.app */;
			productType = "com.apple.product-type.application";
		};
/* End PBXNativeTarget section */

/* Begin PBXProject section */
		2ED6EFFD20C7724A000F7FA6 /* Project object */ = {
			isa = PBXProject;
			attributes = {
				LastSwiftUpdateCheck = 0930;
				LastUpgradeCheck = 0930;
				ORGANIZATIONNAME = test;
				TargetAttributes = {
					2ED6F00420C7724A000F7FA6 = {
						CreatedOnToolsVersion = 9.3.1;
					};
				};
			};
			buildConfigurationList = 2ED6F00020C7724A000F7FA6 /* Build configuration list for PBXProject "WiFi_Locker" */;
			compatibilityVersion = "Xcode 9.3";
			developmentRegion = en;
			hasScannedForEncodings = 0;
			knownRegions = (
				en,
				Base,
			);
			mainGroup = 2ED6EFFC20C7724A000F7FA6;
			productRefGroup = 2ED6F00620C7724A000F7FA6 /* Products */;
			projectDirPath = "";
			projectRoot = "";
			targets = (
				2ED6F00420C7724A000F7FA6 /* WiFi_Locker */,
			);
		};
/* End PBXProject section */

/* Begin PBXResourcesBuildPhase section */
		2ED6F00320C7724A000F7FA6 /* Resources */ = {
			isa = PBXResourcesBuildPhase;
			buildActionMask = 2147483647;
			files = (
				2ED6F01620C7724E000F7FA6 /* LaunchScreen.storyboard in Resources */,
				2ED6F01320C7724E000F7FA6 /* Assets.xcassets in Resources */,
				2ED6F00E20C7724A000F7FA6 /* Main.storyboard in Resources */,
			);
			runOnlyForDeploymentPostprocessing = 0;
		};
/* End PBXResourcesBuildPhase section */

/* Begin PBXShellScriptBuildPhase section */
		85CF3F43DF5B49E3BBA860BC /* [CP] Check Pods Manifest.lock */ = {
			isa = PBXShellScriptBuildPhase;
			buildActionMask = 2147483647;
			files = (
			);
			inputPaths = (
				"${PODS_PODFILE_DIR_PATH}/Podfile.lock",
				"${PODS_ROOT}/Manifest.lock",
			);
			name = "[CP] Check Pods Manifest.lock";
			outputPaths = (
				"$(DERIVED_FILE_DIR)/Pods-WiFi_Locker-checkManifestLockResult.txt",
			);
			runOnlyForDeploymentPostprocessing = 0;
			shellPath = /bin/sh;
			shellScript = "diff \"${PODS_PODFILE_DIR_PATH}/Podfile.lock\" \"${PODS_ROOT}/Manifest.lock\" > /dev/null\nif [ $? != 0 ] ; then\n    # print error to STDERR\n    echo \"error: The sandbox is not in sync with the Podfile.lock. Run 'pod install' or update your CocoaPods installation.\" >&2\n    exit 1\nfi\n# This output is used by Xcode 'outputs' to avoid re-running this script phase.\necho \"SUCCESS\" > \"${SCRIPT_OUTPUT_FILE_0}\"\n";
			showEnvVarsInLog = 0;
		};
		DCBD5538898F5B9CEE454295 /* [CP] Embed Pods Frameworks */ = {
			isa = PBXShellScriptBuildPhase;
			buildActionMask = 2147483647;
			files = (
			);
			inputPaths = (
				"${SRCROOT}/Pods/Target Support Files/Pods-WiFi_Locker/Pods-WiFi_Locker-frameworks.sh",
				"${BUILT_PRODUCTS_DIR}/BFPaperCheckbox/BFPaperCheckbox.framework",
			);
			name = "[CP] Embed Pods Frameworks";
			outputPaths = (
				"${TARGET_BUILD_DIR}/${FRAMEWORKS_FOLDER_PATH}/BFPaperCheckbox.framework",
			);
			runOnlyForDeploymentPostprocessing = 0;
			shellPath = /bin/sh;
			shellScript = "\"${SRCROOT}/Pods/Target Support Files/Pods-WiFi_Locker/Pods-WiFi_Locker-frameworks.sh\"\n";
			showEnvVarsInLog = 0;
		};
/* End PBXShellScriptBuildPhase section */

/* Begin PBXSourcesBuildPhase section */
		2ED6F00120C7724A000F7FA6 /* Sources */ = {
			isa = PBXSourcesBuildPhase;
			buildActionMask = 2147483647;
			files = (
				2ED8B2CD2112A8F6005B4F0B /* SelectTimeByCalendarView.swift in Sources */,
				2E90A0E020EEEB2D00E12B28 /* NavigationView.swift in Sources */,
				2ED6F00B20C7724A000F7FA6 /* ViewController.swift in Sources */,
				2E90A0E420F1676700E12B28 /* PincodeViewController.swift in Sources */,
				2ED76C16210155A700004DD6 /* LoginView.swift in Sources */,
				2E9E1E1B2113D86C008A0206 /* AddNewAppView.swift in Sources */,
				2E90A0D720EEDFD700E12B28 /* Style.swift in Sources */,
				2ED6F01120C7724A000F7FA6 /* WiFi_Locker.xcdatamodeld in Sources */,
				2ED8B2C521126186005B4F0B /* SelectTimeView.swift in Sources */,
				2EE7104020F17DFE00FE1946 /* SettingViewController.swift in Sources */,
				2ED81B4F20F41A6800FBB9BD /* TermViewController.swift in Sources */,
				2ED8B2CF2113D00E005B4F0B /* OrderOptionView.swift in Sources */,
				2E90A0DA20EEE6D300E12B28 /* LoginViewController.swift in Sources */,
				2ED8B2C721128104005B4F0B /* CalendarView.swift in Sources */,
				2ED8B2C22111172C005B4F0B /* MainTabbarViewController.swift in Sources */,
				2ED81B5220F42BD300FBB9BD /* CalendarViewController.swift in Sources */,
				2EE7104220F1831800FE1946 /* extension.swift in Sources */,
				2ED6F00920C7724A000F7FA6 /* AppDelegate.swift in Sources */,
				2E37BC47210928DF0039140A /* TabbarView.swift in Sources */,
				2ED76C1821015D5E00004DD6 /* SignupView.swift in Sources */,
				2ED8B2CB21128412005B4F0B /* CalendarTableViewCell.swift in Sources */,
				2E2155AB211F6C2A00F35ACD /* ForgivePasswordView.swift in Sources */,
				2E90A0DD20EEE97100E12B28 /* HomeViewController.swift in Sources */,
				2E3CE95920F8250400C38BC7 /* UnsettingView.swift in Sources */,
				2E90A0E220EEEB7800E12B28 /* BasicView.swift in Sources */,
			);
			runOnlyForDeploymentPostprocessing = 0;
		};
/* End PBXSourcesBuildPhase section */

/* Begin PBXVariantGroup section */
		2ED6F00C20C7724A000F7FA6 /* Main.storyboard */ = {
			isa = PBXVariantGroup;
			children = (
				2ED6F00D20C7724A000F7FA6 /* Base */,
			);
			name = Main.storyboard;
			sourceTree = "<group>";
		};
		2ED6F01420C7724E000F7FA6 /* LaunchScreen.storyboard */ = {
			isa = PBXVariantGroup;
			children = (
				2ED6F01520C7724E000F7FA6 /* Base */,
			);
			name = LaunchScreen.storyboard;
			sourceTree = "<group>";
		};
/* End PBXVariantGroup section */

/* Begin XCBuildConfiguration section */
		2ED6F01820C7724E000F7FA6 /* Debug */ = {
			isa = XCBuildConfiguration;
			buildSettings = {
				ALWAYS_SEARCH_USER_PATHS = NO;
				CLANG_ANALYZER_NONNULL = YES;
				CLANG_ANALYZER_NUMBER_OBJECT_CONVERSION = YES_AGGRESSIVE;
				CLANG_CXX_LANGUAGE_STANDARD = "gnu++14";
				CLANG_CXX_LIBRARY = "libc++";
				CLANG_ENABLE_MODULES = YES;
				CLANG_ENABLE_OBJC_ARC = YES;
				CLANG_ENABLE_OBJC_WEAK = YES;
				CLANG_WARN_BLOCK_CAPTURE_AUTORELEASING = YES;
				CLANG_WARN_BOOL_CONVERSION = YES;
				CLANG_WARN_COMMA = YES;
				CLANG_WARN_CONSTANT_CONVERSION = YES;
				CLANG_WARN_DEPRECATED_OBJC_IMPLEMENTATIONS = YES;
				CLANG_WARN_DIRECT_OBJC_ISA_USAGE = YES_ERROR;
				CLANG_WARN_DOCUMENTATION_COMMENTS = YES;
				CLANG_WARN_EMPTY_BODY = YES;
				CLANG_WARN_ENUM_CONVERSION = YES;
				CLANG_WARN_INFINITE_RECURSION = YES;
				CLANG_WARN_INT_CONVERSION = YES;
				CLANG_WARN_NON_LITERAL_NULL_CONVERSION = YES;
				CLANG_WARN_OBJC_IMPLICIT_RETAIN_SELF = YES;
				CLANG_WARN_OBJC_LITERAL_CONVERSION = YES;
				CLANG_WARN_OBJC_ROOT_CLASS = YES_ERROR;
				CLANG_WARN_RANGE_LOOP_ANALYSIS = YES;
				CLANG_WARN_STRICT_PROTOTYPES = YES;
				CLANG_WARN_SUSPICIOUS_MOVE = YES;
				CLANG_WARN_UNGUARDED_AVAILABILITY = YES_AGGRESSIVE;
				CLANG_WARN_UNREACHABLE_CODE = YES;
				CLANG_WARN__DUPLICATE_METHOD_MATCH = YES;
				CODE_SIGN_IDENTITY = "iPhone Developer";
				COPY_PHASE_STRIP = NO;
				DEBUG_INFORMATION_FORMAT = dwarf;
				ENABLE_STRICT_OBJC_MSGSEND = YES;
				ENABLE_TESTABILITY = YES;
				GCC_C_LANGUAGE_STANDARD = gnu11;
				GCC_DYNAMIC_NO_PIC = NO;
				GCC_NO_COMMON_BLOCKS = YES;
				GCC_OPTIMIZATION_LEVEL = 0;
				GCC_PREPROCESSOR_DEFINITIONS = (
					"DEBUG=1",
					"$(inherited)",
				);
				GCC_WARN_64_TO_32_BIT_CONVERSION = YES;
				GCC_WARN_ABOUT_RETURN_TYPE = YES_ERROR;
				GCC_WARN_UNDECLARED_SELECTOR = YES;
				GCC_WARN_UNINITIALIZED_AUTOS = YES_AGGRESSIVE;
				GCC_WARN_UNUSED_FUNCTION = YES;
				GCC_WARN_UNUSED_VARIABLE = YES;
				IPHONEOS_DEPLOYMENT_TARGET = 11.3;
				MTL_ENABLE_DEBUG_INFO = YES;
				ONLY_ACTIVE_ARCH = YES;
				SDKROOT = iphoneos;
				SWIFT_ACTIVE_COMPILATION_CONDITIONS = DEBUG;
				SWIFT_OPTIMIZATION_LEVEL = "-Onone";
			};
			name = Debug;
		};
		2ED6F01920C7724E000F7FA6 /* Release */ = {
			isa = XCBuildConfiguration;
			buildSettings = {
				ALWAYS_SEARCH_USER_PATHS = NO;
				CLANG_ANALYZER_NONNULL = YES;
				CLANG_ANALYZER_NUMBER_OBJECT_CONVERSION = YES_AGGRESSIVE;
				CLANG_CXX_LANGUAGE_STANDARD = "gnu++14";
				CLANG_CXX_LIBRARY = "libc++";
				CLANG_ENABLE_MODULES = YES;
				CLANG_ENABLE_OBJC_ARC = YES;
				CLANG_ENABLE_OBJC_WEAK = YES;
				CLANG_WARN_BLOCK_CAPTURE_AUTORELEASING = YES;
				CLANG_WARN_BOOL_CONVERSION = YES;
				CLANG_WARN_COMMA = YES;
				CLANG_WARN_CONSTANT_CONVERSION = YES;
				CLANG_WARN_DEPRECATED_OBJC_IMPLEMENTATIONS = YES;
				CLANG_WARN_DIRECT_OBJC_ISA_USAGE = YES_ERROR;
				CLANG_WARN_DOCUMENTATION_COMMENTS = YES;
				CLANG_WARN_EMPTY_BODY = YES;
				CLANG_WARN_ENUM_CONVERSION = YES;
				CLANG_WARN_INFINITE_RECURSION = YES;
				CLANG_WARN_INT_CONVERSION = YES;
				CLANG_WARN_NON_LITERAL_NULL_CONVERSION = YES;
				CLANG_WARN_OBJC_IMPLICIT_RETAIN_SELF = YES;
				CLANG_WARN_OBJC_LITERAL_CONVERSION = YES;
				CLANG_WARN_OBJC_ROOT_CLASS = YES_ERROR;
				CLANG_WARN_RANGE_LOOP_ANALYSIS = YES;
				CLANG_WARN_STRICT_PROTOTYPES = YES;
				CLANG_WARN_SUSPICIOUS_MOVE = YES;
				CLANG_WARN_UNGUARDED_AVAILABILITY = YES_AGGRESSIVE;
				CLANG_WARN_UNREACHABLE_CODE = YES;
				CLANG_WARN__DUPLICATE_METHOD_MATCH = YES;
				CODE_SIGN_IDENTITY = "iPhone Developer";
				COPY_PHASE_STRIP = NO;
				DEBUG_INFORMATION_FORMAT = "dwarf-with-dsym";
				ENABLE_NS_ASSERTIONS = NO;
				ENABLE_STRICT_OBJC_MSGSEND = YES;
				GCC_C_LANGUAGE_STANDARD = gnu11;
				GCC_NO_COMMON_BLOCKS = YES;
				GCC_WARN_64_TO_32_BIT_CONVERSION = YES;
				GCC_WARN_ABOUT_RETURN_TYPE = YES_ERROR;
				GCC_WARN_UNDECLARED_SELECTOR = YES;
				GCC_WARN_UNINITIALIZED_AUTOS = YES_AGGRESSIVE;
				GCC_WARN_UNUSED_FUNCTION = YES;
				GCC_WARN_UNUSED_VARIABLE = YES;
				IPHONEOS_DEPLOYMENT_TARGET = 11.3;
				MTL_ENABLE_DEBUG_INFO = NO;
				SDKROOT = iphoneos;
				SWIFT_COMPILATION_MODE = wholemodule;
				SWIFT_OPTIMIZATION_LEVEL = "-O";
				VALIDATE_PRODUCT = YES;
			};
			name = Release;
		};
		2ED6F01B20C7724E000F7FA6 /* Debug */ = {
			isa = XCBuildConfiguration;
			baseConfigurationReference = C39D493D458F02EE52667359 /* Pods-WiFi_Locker.debug.xcconfig */;
			buildSettings = {
				ASSETCATALOG_COMPILER_APPICON_NAME = AppIcon;
				CODE_SIGN_STYLE = Automatic;
				DEVELOPMENT_TEAM = ZGCFNYUG6D;
				INFOPLIST_FILE = WiFi_Locker/Info.plist;
				LD_RUNPATH_SEARCH_PATHS = (
					"$(inherited)",
					"@executable_path/Frameworks",
				);
				PRODUCT_BUNDLE_IDENTIFIER = "com.test.WiFi-Locker";
				PRODUCT_NAME = "$(TARGET_NAME)";
				SWIFT_VERSION = 4.0;
				TARGETED_DEVICE_FAMILY = "1,2";
			};
			name = Debug;
		};
		2ED6F01C20C7724E000F7FA6 /* Release */ = {
			isa = XCBuildConfiguration;
			baseConfigurationReference = F9A6A11DA704FCD981D586BE /* Pods-WiFi_Locker.release.xcconfig */;
			buildSettings = {
				ASSETCATALOG_COMPILER_APPICON_NAME = AppIcon;
				CODE_SIGN_STYLE = Automatic;
				DEVELOPMENT_TEAM = ZGCFNYUG6D;
				INFOPLIST_FILE = WiFi_Locker/Info.plist;
				LD_RUNPATH_SEARCH_PATHS = (
					"$(inherited)",
					"@executable_path/Frameworks",
				);
				PRODUCT_BUNDLE_IDENTIFIER = "com.test.WiFi-Locker";
				PRODUCT_NAME = "$(TARGET_NAME)";
				SWIFT_VERSION = 4.0;
				TARGETED_DEVICE_FAMILY = "1,2";
			};
			name = Release;
		};
/* End XCBuildConfiguration section */

/* Begin XCConfigurationList section */
		2ED6F00020C7724A000F7FA6 /* Build configuration list for PBXProject "WiFi_Locker" */ = {
			isa = XCConfigurationList;
			buildConfigurations = (
				2ED6F01820C7724E000F7FA6 /* Debug */,
				2ED6F01920C7724E000F7FA6 /* Release */,
			);
			defaultConfigurationIsVisible = 0;
			defaultConfigurationName = Release;
		};
		2ED6F01A20C7724E000F7FA6 /* Build configuration list for PBXNativeTarget "WiFi_Locker" */ = {
			isa = XCConfigurationList;
			buildConfigurations = (
				2ED6F01B20C7724E000F7FA6 /* Debug */,
				2ED6F01C20C7724E000F7FA6 /* Release */,
			);
			defaultConfigurationIsVisible = 0;
			defaultConfigurationName = Release;
		};
/* End XCConfigurationList section */

/* Begin XCVersionGroup section */
		2ED6F00F20C7724A000F7FA6 /* WiFi_Locker.xcdatamodeld */ = {
			isa = XCVersionGroup;
			children = (
				2ED6F01020C7724A000F7FA6 /* WiFi_Locker.xcdatamodel */,
			);
			currentVersion = 2ED6F01020C7724A000F7FA6 /* WiFi_Locker.xcdatamodel */;
			path = WiFi_Locker.xcdatamodeld;
			sourceTree = "<group>";
			versionGroupType = wrapper.xcdatamodel;
		};
/* End XCVersionGroup section */
	};
	rootObject = 2ED6EFFD20C7724A000F7FA6 /* Project object */;
}
